
Microsoft Visual Studio Solution File, Format Version 12.00
# Visual Studio 2012
Project("{FAE04EC0-301F-11D3-BF4B-00C04F79EFBC}") = "SSU.Api", "SSU.Api\SSU.Api.csproj", "{442C2740-C32E-4809-9EF1-83E4B6339ACE}"
EndProject
Project("{2150E333-8FDC-42A3-9474-1A3956D46DE8}") = ".nuget", ".nuget", "{68695D2D-2029-4C81-AEB9-40D463D72D35}"
	ProjectSection(SolutionItems) = preProject
		.nuget\NuGet.Config = .nuget\NuGet.Config
		.nuget\NuGet.exe = .nuget\NuGet.exe
		.nuget\NuGet.targets = .nuget\NuGet.targets
	EndProjectSection
EndProject
Project("{FAE04EC0-301F-11D3-BF4B-00C04F79EFBC}") = "SSU-Client", "SSU-Client\SSU-Client.csproj", "{50E3DCF6-3A14-4E41-BFA1-944B9755573B}"
EndProject
Global
	GlobalSection(SolutionConfigurationPlatforms) = preSolution
		Debug|Any CPU = Debug|Any CPU
		Release|Any CPU = Release|Any CPU
	EndGlobalSection
	GlobalSection(ProjectConfigurationPlatforms) = postSolution
		{442C2740-C32E-4809-9EF1-83E4B6339ACE}.Debug|Any CPU.ActiveCfg = Debug|Any CPU
		{442C2740-C32E-4809-9EF1-83E4B6339ACE}.Debug|Any CPU.Build.0 = Debug|Any CPU
		{442C2740-C32E-4809-9EF1-83E4B6339ACE}.Release|Any CPU.ActiveCfg = Release|Any CPU
		{442C2740-C32E-4809-9EF1-83E4B6339ACE}.Release|Any CPU.Build.0 = Release|Any CPU
		{50E3DCF6-3A14-4E41-BFA1-944B9755573B}.Debug|Any CPU.ActiveCfg = Debug|Any CPU
		{50E3DCF6-3A14-4E41-BFA1-944B9755573B}.Debug|Any CPU.Build.0 = Debug|Any CPU
		{50E3DCF6-3A14-4E41-BFA1-944B9755573B}.Release|Any CPU.ActiveCfg = Release|Any CPU
		{50E3DCF6-3A14-4E41-BFA1-944B9755573B}.Release|Any CPU.Build.0 = Release|Any CPU
	EndGlobalSection
	GlobalSection(SolutionProperties) = preSolution
		HideSolutionNode = FALSE
	EndGlobalSection
EndGlobal
